
Microsoft Visual Studio Solution File, Format Version 12.00
# Visual Studio Version 17
VisualStudioVersion = 17.5.33424.131
MinimumVisualStudioVersion = 10.0.40219.1
Project("{F184B08F-C81C-45F6-A57F-5ABD9991F28F}") = "EntradaDatosInputBox", "EntradaDatosInputBox\EntradaDatosInputBox.vbproj", "{5885733A-6FC8-4C9D-9C2D-E9AB5C95E9B5}"
EndProject
Global
	GlobalSection(SolutionConfigurationPlatforms) = preSolution
		Debug|Any CPU = Debug|Any CPU
		Release|Any CPU = Release|Any CPU
	EndGlobalSection
	GlobalSection(ProjectConfigurationPlatforms) = postSolution
		{5885733A-6FC8-4C9D-9C2D-E9AB5C95E9B5}.Debug|Any CPU.ActiveCfg = Debug|Any CPU
		{5885733A-6FC8-4C9D-9C2D-E9AB5C95E9B5}.Debug|Any CPU.Build.0 = Debug|Any CPU
		{5885733A-6FC8-4C9D-9C2D-E9AB5C95E9B5}.Release|Any CPU.ActiveCfg = Release|Any CPU
		{5885733A-6FC8-4C9D-9C2D-E9AB5C95E9B5}.Release|Any CPU.Build.0 = Release|Any CPU
	EndGlobalSection
	GlobalSection(SolutionProperties) = preSolution
		HideSolutionNode = FALSE
	EndGlobalSection
	GlobalSection(ExtensibilityGlobals) = postSolution
		SolutionGuid = {11BB7EAB-F499-42C9-BA16-945911D2F883}
	EndGlobalSection
EndGlobal
