
Microsoft Visual Studio Solution File, Format Version 12.00
# Visual Studio Version 17
VisualStudioVersion = 17.5.33424.131
MinimumVisualStudioVersion = 10.0.40219.1
Project("{F184B08F-C81C-45F6-A57F-5ABD9991F28F}") = "ArrayRedimPreserve", "ArrayRedimPreserve\ArrayRedimPreserve.vbproj", "{87E90CC7-73B4-4B3E-AEA5-25FDC158CF0D}"
EndProject
Global
	GlobalSection(SolutionConfigurationPlatforms) = preSolution
		Debug|Any CPU = Debug|Any CPU
		Release|Any CPU = Release|Any CPU
	EndGlobalSection
	GlobalSection(ProjectConfigurationPlatforms) = postSolution
		{87E90CC7-73B4-4B3E-AEA5-25FDC158CF0D}.Debug|Any CPU.ActiveCfg = Debug|Any CPU
		{87E90CC7-73B4-4B3E-AEA5-25FDC158CF0D}.Debug|Any CPU.Build.0 = Debug|Any CPU
		{87E90CC7-73B4-4B3E-AEA5-25FDC158CF0D}.Release|Any CPU.ActiveCfg = Release|Any CPU
		{87E90CC7-73B4-4B3E-AEA5-25FDC158CF0D}.Release|Any CPU.Build.0 = Release|Any CPU
	EndGlobalSection
	GlobalSection(SolutionProperties) = preSolution
		HideSolutionNode = FALSE
	EndGlobalSection
	GlobalSection(ExtensibilityGlobals) = postSolution
		SolutionGuid = {00586EA1-3629-4FF0-94D8-31E7246A9F76}
	EndGlobalSection
EndGlobal
