
Microsoft Visual Studio Solution File, Format Version 12.00
# Visual Studio Version 17
VisualStudioVersion = 17.5.33424.131
MinimumVisualStudioVersion = 10.0.40219.1
Project("{F184B08F-C81C-45F6-A57F-5ABD9991F28F}") = "bucleDoLoop", "bucleDoLoop\bucleDoLoop.vbproj", "{5F2033E7-FE7C-487A-B2FD-D52DFC67D916}"
EndProject
Global
	GlobalSection(SolutionConfigurationPlatforms) = preSolution
		Debug|Any CPU = Debug|Any CPU
		Release|Any CPU = Release|Any CPU
	EndGlobalSection
	GlobalSection(ProjectConfigurationPlatforms) = postSolution
		{5F2033E7-FE7C-487A-B2FD-D52DFC67D916}.Debug|Any CPU.ActiveCfg = Debug|Any CPU
		{5F2033E7-FE7C-487A-B2FD-D52DFC67D916}.Debug|Any CPU.Build.0 = Debug|Any CPU
		{5F2033E7-FE7C-487A-B2FD-D52DFC67D916}.Release|Any CPU.ActiveCfg = Release|Any CPU
		{5F2033E7-FE7C-487A-B2FD-D52DFC67D916}.Release|Any CPU.Build.0 = Release|Any CPU
	EndGlobalSection
	GlobalSection(SolutionProperties) = preSolution
		HideSolutionNode = FALSE
	EndGlobalSection
	GlobalSection(ExtensibilityGlobals) = postSolution
		SolutionGuid = {ACD33F09-74BA-4117-9D47-C03B19785CAD}
	EndGlobalSection
EndGlobal
