
Microsoft Visual Studio Solution File, Format Version 12.00
# Visual Studio Version 17
VisualStudioVersion = 17.5.33424.131
MinimumVisualStudioVersion = 10.0.40219.1
Project("{F184B08F-C81C-45F6-A57F-5ABD9991F28F}") = "Clases", "Clases\Clases.vbproj", "{0DE25A4B-10ED-4AEE-AF78-29A03407419B}"
EndProject
Global
	GlobalSection(SolutionConfigurationPlatforms) = preSolution
		Debug|Any CPU = Debug|Any CPU
		Release|Any CPU = Release|Any CPU
	EndGlobalSection
	GlobalSection(ProjectConfigurationPlatforms) = postSolution
		{0DE25A4B-10ED-4AEE-AF78-29A03407419B}.Debug|Any CPU.ActiveCfg = Debug|Any CPU
		{0DE25A4B-10ED-4AEE-AF78-29A03407419B}.Debug|Any CPU.Build.0 = Debug|Any CPU
		{0DE25A4B-10ED-4AEE-AF78-29A03407419B}.Release|Any CPU.ActiveCfg = Release|Any CPU
		{0DE25A4B-10ED-4AEE-AF78-29A03407419B}.Release|Any CPU.Build.0 = Release|Any CPU
	EndGlobalSection
	GlobalSection(SolutionProperties) = preSolution
		HideSolutionNode = FALSE
	EndGlobalSection
	GlobalSection(ExtensibilityGlobals) = postSolution
		SolutionGuid = {5A6FE547-DA81-416B-9C4A-CAD0E1A7CDA8}
	EndGlobalSection
EndGlobal
