
Microsoft Visual Studio Solution File, Format Version 12.00
# Visual Studio Version 17
VisualStudioVersion = 17.5.33424.131
MinimumVisualStudioVersion = 10.0.40219.1
Project("{F184B08F-C81C-45F6-A57F-5ABD9991F28F}") = "CopiaElementosArray", "CopiaElementosArray\CopiaElementosArray.vbproj", "{97B0BF7E-1728-4FB4-8585-32B5F6DA0546}"
EndProject
Global
	GlobalSection(SolutionConfigurationPlatforms) = preSolution
		Debug|Any CPU = Debug|Any CPU
		Release|Any CPU = Release|Any CPU
	EndGlobalSection
	GlobalSection(ProjectConfigurationPlatforms) = postSolution
		{97B0BF7E-1728-4FB4-8585-32B5F6DA0546}.Debug|Any CPU.ActiveCfg = Debug|Any CPU
		{97B0BF7E-1728-4FB4-8585-32B5F6DA0546}.Debug|Any CPU.Build.0 = Debug|Any CPU
		{97B0BF7E-1728-4FB4-8585-32B5F6DA0546}.Release|Any CPU.ActiveCfg = Release|Any CPU
		{97B0BF7E-1728-4FB4-8585-32B5F6DA0546}.Release|Any CPU.Build.0 = Release|Any CPU
	EndGlobalSection
	GlobalSection(SolutionProperties) = preSolution
		HideSolutionNode = FALSE
	EndGlobalSection
	GlobalSection(ExtensibilityGlobals) = postSolution
		SolutionGuid = {A6B46C87-9903-4E08-84C9-5AB581A3717C}
	EndGlobalSection
EndGlobal
