
Microsoft Visual Studio Solution File, Format Version 12.00
# Visual Studio Version 17
VisualStudioVersion = 17.5.33424.131
MinimumVisualStudioVersion = 10.0.40219.1
Project("{F184B08F-C81C-45F6-A57F-5ABD9991F28F}") = "ConexionMySQL", "ConexionMySQL\ConexionMySQL.vbproj", "{899CED60-EFD6-4A57-9938-F44BE5EDEC57}"
EndProject
Global
	GlobalSection(SolutionConfigurationPlatforms) = preSolution
		Debug|Any CPU = Debug|Any CPU
		Release|Any CPU = Release|Any CPU
	EndGlobalSection
	GlobalSection(ProjectConfigurationPlatforms) = postSolution
		{899CED60-EFD6-4A57-9938-F44BE5EDEC57}.Debug|Any CPU.ActiveCfg = Debug|Any CPU
		{899CED60-EFD6-4A57-9938-F44BE5EDEC57}.Debug|Any CPU.Build.0 = Debug|Any CPU
		{899CED60-EFD6-4A57-9938-F44BE5EDEC57}.Release|Any CPU.ActiveCfg = Release|Any CPU
		{899CED60-EFD6-4A57-9938-F44BE5EDEC57}.Release|Any CPU.Build.0 = Release|Any CPU
	EndGlobalSection
	GlobalSection(SolutionProperties) = preSolution
		HideSolutionNode = FALSE
	EndGlobalSection
	GlobalSection(ExtensibilityGlobals) = postSolution
		SolutionGuid = {7E36FE5D-B496-47F0-B873-E3C814A43333}
	EndGlobalSection
EndGlobal
