
Microsoft Visual Studio Solution File, Format Version 12.00
# Visual Studio Version 17
VisualStudioVersion = 17.5.33424.131
MinimumVisualStudioVersion = 10.0.40219.1
Project("{F184B08F-C81C-45F6-A57F-5ABD9991F28F}") = "Polimorfismo", "Polimorfismo\Polimorfismo.vbproj", "{ACA70944-3F24-4AB8-85A2-E9F8D885BDE7}"
EndProject
Global
	GlobalSection(SolutionConfigurationPlatforms) = preSolution
		Debug|Any CPU = Debug|Any CPU
		Release|Any CPU = Release|Any CPU
	EndGlobalSection
	GlobalSection(ProjectConfigurationPlatforms) = postSolution
		{ACA70944-3F24-4AB8-85A2-E9F8D885BDE7}.Debug|Any CPU.ActiveCfg = Debug|Any CPU
		{ACA70944-3F24-4AB8-85A2-E9F8D885BDE7}.Debug|Any CPU.Build.0 = Debug|Any CPU
		{ACA70944-3F24-4AB8-85A2-E9F8D885BDE7}.Release|Any CPU.ActiveCfg = Release|Any CPU
		{ACA70944-3F24-4AB8-85A2-E9F8D885BDE7}.Release|Any CPU.Build.0 = Release|Any CPU
	EndGlobalSection
	GlobalSection(SolutionProperties) = preSolution
		HideSolutionNode = FALSE
	EndGlobalSection
	GlobalSection(ExtensibilityGlobals) = postSolution
		SolutionGuid = {9B3D40EB-5C30-450B-B5EF-FB98AD1CBB0F}
	EndGlobalSection
EndGlobal
